// !$*UTF8*$!
{
	archiveVersion = 1;
	classes = {
	};
	objectVersion = 48;
	objects = {

/* Begin PBXBuildFile section */
		75170B57204C950500ADCFEE /* CoreData.framework in Frameworks */ = {isa = PBXBuildFile; fileRef = 75170B56204C950500ADCFEE /* CoreData.framework */; };
		755619EF204A27510004F454 /* UserController.m in Sources */ = {isa = PBXBuildFile; fileRef = 755619EE204A27510004F454 /* UserController.m */; };
		755619F5204B7C800004F454 /* UserCell.m in Sources */ = {isa = PBXBuildFile; fileRef = 755619F4204B7C800004F454 /* UserCell.m */; };
		755619F8204C4D4F0004F454 /* ImageController.m in Sources */ = {isa = PBXBuildFile; fileRef = 755619F7204C4D4F0004F454 /* ImageController.m */; };
		75CF030E2048EA9A00D1AC01 /* AppDelegate.m in Sources */ = {isa = PBXBuildFile; fileRef = 75CF030D2048EA9A00D1AC01 /* AppDelegate.m */; };
		75CF03142048EA9A00D1AC01 /* Main.storyboard in Resources */ = {isa = PBXBuildFile; fileRef = 75CF03122048EA9A00D1AC01 /* Main.storyboard */; };
		75CF03162048EA9A00D1AC01 /* Assets.xcassets in Resources */ = {isa = PBXBuildFile; fileRef = 75CF03152048EA9A00D1AC01 /* Assets.xcassets */; };
		75CF03192048EA9A00D1AC01 /* LaunchScreen.storyboard in Resources */ = {isa = PBXBuildFile; fileRef = 75CF03172048EA9A00D1AC01 /* LaunchScreen.storyboard */; };
		75CF031C2048EA9A00D1AC01 /* main.m in Sources */ = {isa = PBXBuildFile; fileRef = 75CF031B2048EA9A00D1AC01 /* main.m */; };
		75CF03242048F17F00D1AC01 /* UsersTableViewController.m in Sources */ = {isa = PBXBuildFile; fileRef = 75CF03232048F17F00D1AC01 /* UsersTableViewController.m */; };
		75D691402049C8C7007FA2E3 /* UserClass.m in Sources */ = {isa = PBXBuildFile; fileRef = 75D6913F2049C8C7007FA2E3 /* UserClass.m */; };
		75E43C8A204D0E4600788FD7 /* User.xcdatamodeld in Sources */ = {isa = PBXBuildFile; fileRef = 75170B61204C97B800ADCFEE /* User.xcdatamodeld */; };
/* End PBXBuildFile section */

/* Begin PBXFileReference section */
		75170B56204C950500ADCFEE /* CoreData.framework */ = {isa = PBXFileReference; lastKnownFileType = wrapper.framework; name = CoreData.framework; path = System/Library/Frameworks/CoreData.framework; sourceTree = SDKROOT; };
		75170B62204C97B800ADCFEE /* User.xcdatamodel */ = {isa = PBXFileReference; lastKnownFileType = wrapper.xcdatamodel; path = User.xcdatamodel; sourceTree = "<group>"; };
		755619ED204A27510004F454 /* UserController.h */ = {isa = PBXFileReference; lastKnownFileType = sourcecode.c.h; path = UserController.h; sourceTree = "<group>"; };
		755619EE204A27510004F454 /* UserController.m */ = {isa = PBXFileReference; lastKnownFileType = sourcecode.c.objc; path = UserController.m; sourceTree = "<group>"; };
		755619F3204B7C800004F454 /* UserCell.h */ = {isa = PBXFileReference; lastKnownFileType = sourcecode.c.h; path = UserCell.h; sourceTree = "<group>"; };
		755619F4204B7C800004F454 /* UserCell.m */ = {isa = PBXFileReference; lastKnownFileType = sourcecode.c.objc; path = UserCell.m; sourceTree = "<group>"; };
		755619F6204C4D4F0004F454 /* ImageController.h */ = {isa = PBXFileReference; lastKnownFileType = sourcecode.c.h; path = ImageController.h; sourceTree = "<group>"; };
		755619F7204C4D4F0004F454 /* ImageController.m */ = {isa = PBXFileReference; lastKnownFileType = sourcecode.c.objc; path = ImageController.m; sourceTree = "<group>"; };
		758FF348204CE7BA0056D35D /* User+CoreDataProperties.h */ = {isa = PBXFileReference; lastKnownFileType = sourcecode.c.h; path = "User+CoreDataProperties.h"; sourceTree = "<group>"; };
		758FF349204CE7BA0056D35D /* User+CoreDataClass.h */ = {isa = PBXFileReference; lastKnownFileType = sourcecode.c.h; path = "User+CoreDataClass.h"; sourceTree = "<group>"; };
		758FF34A204CE7BA0056D35D /* User+CoreDataClass.m */ = {isa = PBXFileReference; lastKnownFileType = sourcecode.c.objc; path = "User+CoreDataClass.m"; sourceTree = "<group>"; };
		758FF34B204CE7BA0056D35D /* User+CoreDataProperties.m */ = {isa = PBXFileReference; lastKnownFileType = sourcecode.c.objc; path = "User+CoreDataProperties.m"; sourceTree = "<group>"; };
		75CF03092048EA9A00D1AC01 /* Wag-CC-OBJ-C.app */ = {isa = PBXFileReference; explicitFileType = wrapper.application; includeInIndex = 0; path = "Wag-CC-OBJ-C.app"; sourceTree = BUILT_PRODUCTS_DIR; };
		75CF030C2048EA9A00D1AC01 /* AppDelegate.h */ = {isa = PBXFileReference; lastKnownFileType = sourcecode.c.h; path = AppDelegate.h; sourceTree = "<group>"; };
		75CF030D2048EA9A00D1AC01 /* AppDelegate.m */ = {isa = PBXFileReference; lastKnownFileType = sourcecode.c.objc; path = AppDelegate.m; sourceTree = "<group>"; };
		75CF03132048EA9A00D1AC01 /* Base */ = {isa = PBXFileReference; lastKnownFileType = file.storyboard; name = Base; path = Base.lproj/Main.storyboard; sourceTree = "<group>"; };
		75CF03152048EA9A00D1AC01 /* Assets.xcassets */ = {isa = PBXFileReference; lastKnownFileType = folder.assetcatalog; path = Assets.xcassets; sourceTree = "<group>"; };
		75CF03182048EA9A00D1AC01 /* Base */ = {isa = PBXFileReference; lastKnownFileType = file.storyboard; name = Base; path = Base.lproj/LaunchScreen.storyboard; sourceTree = "<group>"; };
		75CF031A2048EA9A00D1AC01 /* Info.plist */ = {isa = PBXFileReference; lastKnownFileType = text.plist.xml; path = Info.plist; sourceTree = "<group>"; };
		75CF031B2048EA9A00D1AC01 /* main.m */ = {isa = PBXFileReference; lastKnownFileType = sourcecode.c.objc; path = main.m; sourceTree = "<group>"; };
		75CF03222048F17F00D1AC01 /* UsersTableViewController.h */ = {isa = PBXFileReference; lastKnownFileType = sourcecode.c.h; path = UsersTableViewController.h; sourceTree = "<group>"; };
		75CF03232048F17F00D1AC01 /* UsersTableViewController.m */ = {isa = PBXFileReference; lastKnownFileType = sourcecode.c.objc; path = UsersTableViewController.m; sourceTree = "<group>"; };
		75D6913E2049C8C7007FA2E3 /* UserClass.h */ = {isa = PBXFileReference; lastKnownFileType = sourcecode.c.h; path = UserClass.h; sourceTree = "<group>"; };
		75D6913F2049C8C7007FA2E3 /* UserClass.m */ = {isa = PBXFileReference; lastKnownFileType = sourcecode.c.objc; path = UserClass.m; sourceTree = "<group>"; };
/* End PBXFileReference section */

/* Begin PBXFrameworksBuildPhase section */
		75CF03062048EA9A00D1AC01 /* Frameworks */ = {
			isa = PBXFrameworksBuildPhase;
			buildActionMask = 2147483647;
			files = (
				75170B57204C950500ADCFEE /* CoreData.framework in Frameworks */,
			);
			runOnlyForDeploymentPostprocessing = 0;
		};
/* End PBXFrameworksBuildPhase section */

/* Begin PBXGroup section */
		75170B55204C950500ADCFEE /* Frameworks */ = {
			isa = PBXGroup;
			children = (
				75170B56204C950500ADCFEE /* CoreData.framework */,
			);
			name = Frameworks;
			sourceTree = "<group>";
		};
		755619F0204B7BD10004F454 /* Model */ = {
			isa = PBXGroup;
			children = (
				75D6913E2049C8C7007FA2E3 /* UserClass.h */,
				75D6913F2049C8C7007FA2E3 /* UserClass.m */,
			);
			path = Model;
			sourceTree = "<group>";
		};
		755619F1204B7BF50004F454 /* Model Controller */ = {
			isa = PBXGroup;
			children = (
				755619ED204A27510004F454 /* UserController.h */,
				755619EE204A27510004F454 /* UserController.m */,
				755619F6204C4D4F0004F454 /* ImageController.h */,
				755619F7204C4D4F0004F454 /* ImageController.m */,
			);
			path = "Model Controller";
			sourceTree = "<group>";
		};
		755619F2204B7C3C0004F454 /* View Controllers */ = {
			isa = PBXGroup;
			children = (
				75CF03222048F17F00D1AC01 /* UsersTableViewController.h */,
				75CF03232048F17F00D1AC01 /* UsersTableViewController.m */,
				755619F3204B7C800004F454 /* UserCell.h */,
				755619F4204B7C800004F454 /* UserCell.m */,
			);
			path = "View Controllers";
			sourceTree = "<group>";
		};
		75CF03002048EA9A00D1AC01 = {
			isa = PBXGroup;
			children = (
				758FF348204CE7BA0056D35D /* User+CoreDataProperties.h */,
				758FF349204CE7BA0056D35D /* User+CoreDataClass.h */,
				758FF34A204CE7BA0056D35D /* User+CoreDataClass.m */,
				758FF34B204CE7BA0056D35D /* User+CoreDataProperties.m */,
				75CF030B2048EA9A00D1AC01 /* Wag-CC-OBJ-C */,
				75CF030A2048EA9A00D1AC01 /* Products */,
				75170B55204C950500ADCFEE /* Frameworks */,
			);
			sourceTree = "<group>";
		};
		75CF030A2048EA9A00D1AC01 /* Products */ = {
			isa = PBXGroup;
			children = (
				75CF03092048EA9A00D1AC01 /* Wag-CC-OBJ-C.app */,
			);
			name = Products;
			sourceTree = "<group>";
		};
		75CF030B2048EA9A00D1AC01 /* Wag-CC-OBJ-C */ = {
			isa = PBXGroup;
			children = (
				75CF030C2048EA9A00D1AC01 /* AppDelegate.h */,
				75CF030D2048EA9A00D1AC01 /* AppDelegate.m */,
				75170B61204C97B800ADCFEE /* User.xcdatamodeld */,
				75CF03122048EA9A00D1AC01 /* Main.storyboard */,
				755619F2204B7C3C0004F454 /* View Controllers */,
				755619F0204B7BD10004F454 /* Model */,
				755619F1204B7BF50004F454 /* Model Controller */,
				75CF03152048EA9A00D1AC01 /* Assets.xcassets */,
				75CF03172048EA9A00D1AC01 /* LaunchScreen.storyboard */,
				75CF031A2048EA9A00D1AC01 /* Info.plist */,
				75CF031B2048EA9A00D1AC01 /* main.m */,
			);
			path = "Wag-CC-OBJ-C";
			sourceTree = "<group>";
		};
/* End PBXGroup section */

/* Begin PBXNativeTarget section */
		75CF03082048EA9A00D1AC01 /* Wag-CC-OBJ-C */ = {
			isa = PBXNativeTarget;
			buildConfigurationList = 75CF031F2048EA9A00D1AC01 /* Build configuration list for PBXNativeTarget "Wag-CC-OBJ-C" */;
			buildPhases = (
				75CF03052048EA9A00D1AC01 /* Sources */,
				75CF03062048EA9A00D1AC01 /* Frameworks */,
				75CF03072048EA9A00D1AC01 /* Resources */,
			);
			buildRules = (
			);
			dependencies = (
			);
			name = "Wag-CC-OBJ-C";
			productName = "Wag-CC-OBJ-C";
			productReference = 75CF03092048EA9A00D1AC01 /* Wag-CC-OBJ-C.app */;
			productType = "com.apple.product-type.application";
		};
/* End PBXNativeTarget section */

/* Begin PBXProject section */
		75CF03012048EA9A00D1AC01 /* Project object */ = {
			isa = PBXProject;
			attributes = {
				LastUpgradeCheck = 0920;
				ORGANIZATIONNAME = "Karl Pfister";
				TargetAttributes = {
					75CF03082048EA9A00D1AC01 = {
						CreatedOnToolsVersion = 9.2;
						ProvisioningStyle = Automatic;
					};
				};
			};
			buildConfigurationList = 75CF03042048EA9A00D1AC01 /* Build configuration list for PBXProject "Wag-CC-OBJ-C" */;
			compatibilityVersion = "Xcode 8.0";
			developmentRegion = en;
			hasScannedForEncodings = 0;
			knownRegions = (
				en,
				Base,
			);
			mainGroup = 75CF03002048EA9A00D1AC01;
			productRefGroup = 75CF030A2048EA9A00D1AC01 /* Products */;
			projectDirPath = "";
			projectRoot = "";
			targets = (
				75CF03082048EA9A00D1AC01 /* Wag-CC-OBJ-C */,
			);
		};
/* End PBXProject section */

/* Begin PBXResourcesBuildPhase section */
		75CF03072048EA9A00D1AC01 /* Resources */ = {
			isa = PBXResourcesBuildPhase;
			buildActionMask = 2147483647;
			files = (
				75CF03192048EA9A00D1AC01 /* LaunchScreen.storyboard in Resources */,
				75CF03162048EA9A00D1AC01 /* Assets.xcassets in Resources */,
				75CF03142048EA9A00D1AC01 /* Main.storyboard in Resources */,
			);
			runOnlyForDeploymentPostprocessing = 0;
		};
/* End PBXResourcesBuildPhase section */

/* Begin PBXSourcesBuildPhase section */
		75CF03052048EA9A00D1AC01 /* Sources */ = {
			isa = PBXSourcesBuildPhase;
			buildActionMask = 2147483647;
			files = (
				75E43C8A204D0E4600788FD7 /* User.xcdatamodeld in Sources */,
				75D691402049C8C7007FA2E3 /* UserClass.m in Sources */,
				75CF031C2048EA9A00D1AC01 /* main.m in Sources */,
				755619F8204C4D4F0004F454 /* ImageController.m in Sources */,
				755619EF204A27510004F454 /* UserController.m in Sources */,
				75CF03242048F17F00D1AC01 /* UsersTableViewController.m in Sources */,
				755619F5204B7C800004F454 /* UserCell.m in Sources */,
				75CF030E2048EA9A00D1AC01 /* AppDelegate.m in Sources */,
			);
			runOnlyForDeploymentPostprocessing = 0;
		};
/* End PBXSourcesBuildPhase section */

/* Begin PBXVariantGroup section */
		75CF03122048EA9A00D1AC01 /* Main.storyboard */ = {
			isa = PBXVariantGroup;
			children = (
				75CF03132048EA9A00D1AC01 /* Base */,
			);
			name = Main.storyboard;
			sourceTree = "<group>";
		};
		75CF03172048EA9A00D1AC01 /* LaunchScreen.storyboard */ = {
			isa = PBXVariantGroup;
			children = (
				75CF03182048EA9A00D1AC01 /* Base */,
			);
			name = LaunchScreen.storyboard;
			sourceTree = "<group>";
		};
/* End PBXVariantGroup section */

/* Begin XCBuildConfiguration section */
		75CF031D2048EA9A00D1AC01 /* Debug */ = {
			isa = XCBuildConfiguration;
			buildSettings = {
				ALWAYS_SEARCH_USER_PATHS = NO;
				CLANG_ANALYZER_NONNULL = YES;
				CLANG_ANALYZER_NUMBER_OBJECT_CONVERSION = YES_AGGRESSIVE;
				CLANG_CXX_LANGUAGE_STANDARD = "gnu++14";
				CLANG_CXX_LIBRARY = "libc++";
				CLANG_ENABLE_MODULES = YES;
				CLANG_ENABLE_OBJC_ARC = YES;
				CLANG_WARN_BLOCK_CAPTURE_AUTORELEASING = YES;
				CLANG_WARN_BOOL_CONVERSION = YES;
				CLANG_WARN_COMMA = YES;
				CLANG_WARN_CONSTANT_CONVERSION = YES;
				CLANG_WARN_DIRECT_OBJC_ISA_USAGE = YES_ERROR;
				CLANG_WARN_DOCUMENTATION_COMMENTS = YES;
				CLANG_WARN_EMPTY_BODY = YES;
				CLANG_WARN_ENUM_CONVERSION = YES;
				CLANG_WARN_INFINITE_RECURSION = YES;
				CLANG_WARN_INT_CONVERSION = YES;
				CLANG_WARN_NON_LITERAL_NULL_CONVERSION = YES;
				CLANG_WARN_OBJC_LITERAL_CONVERSION = YES;
				CLANG_WARN_OBJC_ROOT_CLASS = YES_ERROR;
				CLANG_WARN_RANGE_LOOP_ANALYSIS = YES;
				CLANG_WARN_STRICT_PROTOTYPES = YES;
				CLANG_WARN_SUSPICIOUS_MOVE = YES;
				CLANG_WARN_UNGUARDED_AVAILABILITY = YES_AGGRESSIVE;
				CLANG_WARN_UNREACHABLE_CODE = YES;
				CLANG_WARN__DUPLICATE_METHOD_MATCH = YES;
				CODE_SIGN_IDENTITY = "iPhone Developer";
				COPY_PHASE_STRIP = NO;
				DEBUG_INFORMATION_FORMAT = dwarf;
				ENABLE_STRICT_OBJC_MSGSEND = YES;
				ENABLE_TESTABILITY = YES;
				GCC_C_LANGUAGE_STANDARD = gnu11;
				GCC_DYNAMIC_NO_PIC = NO;
				GCC_NO_COMMON_BLOCKS = YES;
				GCC_OPTIMIZATION_LEVEL = 0;
				GCC_PREPROCESSOR_DEFINITIONS = (
					"DEBUG=1",
					"$(inherited)",
				);
				GCC_WARN_64_TO_32_BIT_CONVERSION = YES;
				GCC_WARN_ABOUT_RETURN_TYPE = YES_ERROR;
				GCC_WARN_UNDECLARED_SELECTOR = YES;
				GCC_WARN_UNINITIALIZED_AUTOS = YES_AGGRESSIVE;
				GCC_WARN_UNUSED_FUNCTION = YES;
				GCC_WARN_UNUSED_VARIABLE = YES;
				IPHONEOS_DEPLOYMENT_TARGET = 11.2;
				MTL_ENABLE_DEBUG_INFO = YES;
				ONLY_ACTIVE_ARCH = YES;
				SDKROOT = iphoneos;
			};
			name = Debug;
		};
		75CF031E2048EA9A00D1AC01 /* Release */ = {
			isa = XCBuildConfiguration;
			buildSettings = {
				ALWAYS_SEARCH_USER_PATHS = NO;
				CLANG_ANALYZER_NONNULL = YES;
				CLANG_ANALYZER_NUMBER_OBJECT_CONVERSION = YES_AGGRESSIVE;
				CLANG_CXX_LANGUAGE_STANDARD = "gnu++14";
				CLANG_CXX_LIBRARY = "libc++";
				CLANG_ENABLE_MODULES = YES;
				CLANG_ENABLE_OBJC_ARC = YES;
				CLANG_WARN_BLOCK_CAPTURE_AUTORELEASING = YES;
				CLANG_WARN_BOOL_CONVERSION = YES;
				CLANG_WARN_COMMA = YES;
				CLANG_WARN_CONSTANT_CONVERSION = YES;
				CLANG_WARN_DIRECT_OBJC_ISA_USAGE = YES_ERROR;
				CLANG_WARN_DOCUMENTATION_COMMENTS = YES;
				CLANG_WARN_EMPTY_BODY = YES;
				CLANG_WARN_ENUM_CONVERSION = YES;
				CLANG_WARN_INFINITE_RECURSION = YES;
				CLANG_WARN_INT_CONVERSION = YES;
				CLANG_WARN_NON_LITERAL_NULL_CONVERSION = YES;
				CLANG_WARN_OBJC_LITERAL_CONVERSION = YES;
				CLANG_WARN_OBJC_ROOT_CLASS = YES_ERROR;
				CLANG_WARN_RANGE_LOOP_ANALYSIS = YES;
				CLANG_WARN_STRICT_PROTOTYPES = YES;
				CLANG_WARN_SUSPICIOUS_MOVE = YES;
				CLANG_WARN_UNGUARDED_AVAILABILITY = YES_AGGRESSIVE;
				CLANG_WARN_UNREACHABLE_CODE = YES;
				CLANG_WARN__DUPLICATE_METHOD_MATCH = YES;
				CODE_SIGN_IDENTITY = "iPhone Developer";
				COPY_PHASE_STRIP = NO;
				DEBUG_INFORMATION_FORMAT = "dwarf-with-dsym";
				ENABLE_NS_ASSERTIONS = NO;
				ENABLE_STRICT_OBJC_MSGSEND = YES;
				GCC_C_LANGUAGE_STANDARD = gnu11;
				GCC_NO_COMMON_BLOCKS = YES;
				GCC_WARN_64_TO_32_BIT_CONVERSION = YES;
				GCC_WARN_ABOUT_RETURN_TYPE = YES_ERROR;
				GCC_WARN_UNDECLARED_SELECTOR = YES;
				GCC_WARN_UNINITIALIZED_AUTOS = YES_AGGRESSIVE;
				GCC_WARN_UNUSED_FUNCTION = YES;
				GCC_WARN_UNUSED_VARIABLE = YES;
				IPHONEOS_DEPLOYMENT_TARGET = 11.2;
				MTL_ENABLE_DEBUG_INFO = NO;
				SDKROOT = iphoneos;
				VALIDATE_PRODUCT = YES;
			};
			name = Release;
		};
		75CF03202048EA9A00D1AC01 /* Debug */ = {
			isa = XCBuildConfiguration;
			buildSettings = {
				ASSETCATALOG_COMPILER_APPICON_NAME = AppIcon;
				CODE_SIGN_STYLE = Automatic;
				DEVELOPMENT_TEAM = 4J7B9732LY;
				INFOPLIST_FILE = "Wag-CC-OBJ-C/Info.plist";
				LD_RUNPATH_SEARCH_PATHS = "$(inherited) @executable_path/Frameworks";
				PRODUCT_BUNDLE_IDENTIFIER = "Wolf-s-Head-Labs.Wag-CC-OBJ-C";
				PRODUCT_NAME = "$(TARGET_NAME)";
				TARGETED_DEVICE_FAMILY = "1,2";
			};
			name = Debug;
		};
		75CF03212048EA9A00D1AC01 /* Release */ = {
			isa = XCBuildConfiguration;
			buildSettings = {
				ASSETCATALOG_COMPILER_APPICON_NAME = AppIcon;
				CODE_SIGN_STYLE = Automatic;
				DEVELOPMENT_TEAM = 4J7B9732LY;
				INFOPLIST_FILE = "Wag-CC-OBJ-C/Info.plist";
				LD_RUNPATH_SEARCH_PATHS = "$(inherited) @executable_path/Frameworks";
				PRODUCT_BUNDLE_IDENTIFIER = "Wolf-s-Head-Labs.Wag-CC-OBJ-C";
				PRODUCT_NAME = "$(TARGET_NAME)";
				TARGETED_DEVICE_FAMILY = "1,2";
			};
			name = Release;
		};
/* End XCBuildConfiguration section */

/* Begin XCConfigurationList section */
		75CF03042048EA9A00D1AC01 /* Build configuration list for PBXProject "Wag-CC-OBJ-C" */ = {
			isa = XCConfigurationList;
			buildConfigurations = (
				75CF031D2048EA9A00D1AC01 /* Debug */,
				75CF031E2048EA9A00D1AC01 /* Release */,
			);
			defaultConfigurationIsVisible = 0;
			defaultConfigurationName = Release;
		};
		75CF031F2048EA9A00D1AC01 /* Build configuration list for PBXNativeTarget "Wag-CC-OBJ-C" */ = {
			isa = XCConfigurationList;
			buildConfigurations = (
				75CF03202048EA9A00D1AC01 /* Debug */,
				75CF03212048EA9A00D1AC01 /* Release */,
			);
			defaultConfigurationIsVisible = 0;
			defaultConfigurationName = Release;
		};
/* End XCConfigurationList section */

/* Begin XCVersionGroup section */
		75170B61204C97B800ADCFEE /* User.xcdatamodeld */ = {
			isa = XCVersionGroup;
			children = (
				75170B62204C97B800ADCFEE /* User.xcdatamodel */,
			);
			currentVersion = 75170B62204C97B800ADCFEE /* User.xcdatamodel */;
			path = User.xcdatamodeld;
			sourceTree = "<group>";
			versionGroupType = wrapper.xcdatamodel;
		};
/* End XCVersionGroup section */
	};
	rootObject = 75CF03012048EA9A00D1AC01 /* Project object */;
}
